
Microsoft Visual Studio Solution File, Format Version 12.00
# Visual Studio 14
VisualStudioVersion = 14.0.25420.1
MinimumVisualStudioVersion = 10.0.40219.1
Project("{8BC9CEB8-8B4A-11D0-8D11-00A0C91BC942}") = "BasicUsageEnvironment", "live\BasicUsageEnvironment\BasicUsageEnvironment.vcxproj", "{AA8B7E1C-25DE-4EA7-8E95-26100CB6DD5B}"
EndProject
Project("{8BC9CEB8-8B4A-11D0-8D11-00A0C91BC942}") = "groupsock", "live\groupsock\groupsock.vcxproj", "{CD38CFB0-E30D-4387-9604-A558E148601B}"
EndProject
Project("{8BC9CEB8-8B4A-11D0-8D11-00A0C91BC942}") = "UsageEnvironment", "live\UsageEnvironment\UsageEnvironment.vcxproj", "{BA085D96-A450-4FE4-BB95-11E3508636B6}"
EndProject
Project("{8BC9CEB8-8B4A-11D0-8D11-00A0C91BC942}") = "mediaServer", "live\mediaServer\mediaServer.vcxproj", "{AAA0007E-D44B-4C57-B9DD-EB90B4E3345D}"
	ProjectSection(ProjectDependencies) = postProject
		{AA8B7E1C-25DE-4EA7-8E95-26100CB6DD5B} = {AA8B7E1C-25DE-4EA7-8E95-26100CB6DD5B}
		{53E5DF41-0454-4DA0-AA30-CA8F8C9A75CE} = {53E5DF41-0454-4DA0-AA30-CA8F8C9A75CE}
		{BA085D96-A450-4FE4-BB95-11E3508636B6} = {BA085D96-A450-4FE4-BB95-11E3508636B6}
		{BC0352A3-1E64-43AC-8430-204D85A5A00A} = {BC0352A3-1E64-43AC-8430-204D85A5A00A}
		{CD38CFB0-E30D-4387-9604-A558E148601B} = {CD38CFB0-E30D-4387-9604-A558E148601B}
	EndProjectSection
EndProject
Project("{8BC9CEB8-8B4A-11D0-8D11-00A0C91BC942}") = "liveMedia", "live\liveMedia\liveMedia.vcxproj", "{BC0352A3-1E64-43AC-8430-204D85A5A00A}"
EndProject
Project("{8BC9CEB8-8B4A-11D0-8D11-00A0C91BC942}") = "testProgs", "live\testProgs\testProgs.vcxproj", "{FA51E099-3E73-4305-87DA-63520D7945CC}"
	ProjectSection(ProjectDependencies) = postProject
		{AA8B7E1C-25DE-4EA7-8E95-26100CB6DD5B} = {AA8B7E1C-25DE-4EA7-8E95-26100CB6DD5B}
		{BA085D96-A450-4FE4-BB95-11E3508636B6} = {BA085D96-A450-4FE4-BB95-11E3508636B6}
		{BC0352A3-1E64-43AC-8430-204D85A5A00A} = {BC0352A3-1E64-43AC-8430-204D85A5A00A}
		{CD38CFB0-E30D-4387-9604-A558E148601B} = {CD38CFB0-E30D-4387-9604-A558E148601B}
	EndProjectSection
EndProject
Project("{8BC9CEB8-8B4A-11D0-8D11-00A0C91BC942}") = "live555dll", "live\live555dll\live555dll.vcxproj", "{2B215DE2-ED94-4AEE-8E23-95137A528EFA}"
	ProjectSection(ProjectDependencies) = postProject
		{AA8B7E1C-25DE-4EA7-8E95-26100CB6DD5B} = {AA8B7E1C-25DE-4EA7-8E95-26100CB6DD5B}
		{53E5DF41-0454-4DA0-AA30-CA8F8C9A75CE} = {53E5DF41-0454-4DA0-AA30-CA8F8C9A75CE}
		{BA085D96-A450-4FE4-BB95-11E3508636B6} = {BA085D96-A450-4FE4-BB95-11E3508636B6}
		{BC0352A3-1E64-43AC-8430-204D85A5A00A} = {BC0352A3-1E64-43AC-8430-204D85A5A00A}
		{CD38CFB0-E30D-4387-9604-A558E148601B} = {CD38CFB0-E30D-4387-9604-A558E148601B}
	EndProjectSection
EndProject
Project("{8BC9CEB8-8B4A-11D0-8D11-00A0C91BC942}") = "nvtrtspd", "live\nvtrtspd\nvtrtspd.vcxproj", "{53E5DF41-0454-4DA0-AA30-CA8F8C9A75CE}"
EndProject
Global
	GlobalSection(SolutionConfigurationPlatforms) = preSolution
		Debug|Win32 = Debug|Win32
		Release|Win32 = Release|Win32
	EndGlobalSection
	GlobalSection(ProjectConfigurationPlatforms) = postSolution
		{AA8B7E1C-25DE-4EA7-8E95-26100CB6DD5B}.Debug|Win32.ActiveCfg = Debug|Win32
		{AA8B7E1C-25DE-4EA7-8E95-26100CB6DD5B}.Debug|Win32.Build.0 = Debug|Win32
		{AA8B7E1C-25DE-4EA7-8E95-26100CB6DD5B}.Release|Win32.ActiveCfg = Release|Win32
		{AA8B7E1C-25DE-4EA7-8E95-26100CB6DD5B}.Release|Win32.Build.0 = Release|Win32
		{CD38CFB0-E30D-4387-9604-A558E148601B}.Debug|Win32.ActiveCfg = Debug|Win32
		{CD38CFB0-E30D-4387-9604-A558E148601B}.Debug|Win32.Build.0 = Debug|Win32
		{CD38CFB0-E30D-4387-9604-A558E148601B}.Release|Win32.ActiveCfg = Release|Win32
		{CD38CFB0-E30D-4387-9604-A558E148601B}.Release|Win32.Build.0 = Release|Win32
		{BA085D96-A450-4FE4-BB95-11E3508636B6}.Debug|Win32.ActiveCfg = Debug|Win32
		{BA085D96-A450-4FE4-BB95-11E3508636B6}.Debug|Win32.Build.0 = Debug|Win32
		{BA085D96-A450-4FE4-BB95-11E3508636B6}.Release|Win32.ActiveCfg = Release|Win32
		{BA085D96-A450-4FE4-BB95-11E3508636B6}.Release|Win32.Build.0 = Release|Win32
		{AAA0007E-D44B-4C57-B9DD-EB90B4E3345D}.Debug|Win32.ActiveCfg = Debug|Win32
		{AAA0007E-D44B-4C57-B9DD-EB90B4E3345D}.Debug|Win32.Build.0 = Debug|Win32
		{AAA0007E-D44B-4C57-B9DD-EB90B4E3345D}.Release|Win32.ActiveCfg = Release|Win32
		{AAA0007E-D44B-4C57-B9DD-EB90B4E3345D}.Release|Win32.Build.0 = Release|Win32
		{BC0352A3-1E64-43AC-8430-204D85A5A00A}.Debug|Win32.ActiveCfg = Debug|Win32
		{BC0352A3-1E64-43AC-8430-204D85A5A00A}.Debug|Win32.Build.0 = Debug|Win32
		{BC0352A3-1E64-43AC-8430-204D85A5A00A}.Release|Win32.ActiveCfg = Release|Win32
		{BC0352A3-1E64-43AC-8430-204D85A5A00A}.Release|Win32.Build.0 = Release|Win32
		{FA51E099-3E73-4305-87DA-63520D7945CC}.Debug|Win32.ActiveCfg = Debug|Win32
		{FA51E099-3E73-4305-87DA-63520D7945CC}.Debug|Win32.Build.0 = Debug|Win32
		{FA51E099-3E73-4305-87DA-63520D7945CC}.Release|Win32.ActiveCfg = Release|Win32
		{FA51E099-3E73-4305-87DA-63520D7945CC}.Release|Win32.Build.0 = Release|Win32
		{2B215DE2-ED94-4AEE-8E23-95137A528EFA}.Debug|Win32.ActiveCfg = Debug|Win32
		{2B215DE2-ED94-4AEE-8E23-95137A528EFA}.Debug|Win32.Build.0 = Debug|Win32
		{2B215DE2-ED94-4AEE-8E23-95137A528EFA}.Release|Win32.ActiveCfg = Release|Win32
		{2B215DE2-ED94-4AEE-8E23-95137A528EFA}.Release|Win32.Build.0 = Release|Win32
		{53E5DF41-0454-4DA0-AA30-CA8F8C9A75CE}.Debug|Win32.ActiveCfg = Debug|Win32
		{53E5DF41-0454-4DA0-AA30-CA8F8C9A75CE}.Debug|Win32.Build.0 = Debug|Win32
		{53E5DF41-0454-4DA0-AA30-CA8F8C9A75CE}.Release|Win32.ActiveCfg = Release|Win32
		{53E5DF41-0454-4DA0-AA30-CA8F8C9A75CE}.Release|Win32.Build.0 = Release|Win32
	EndGlobalSection
	GlobalSection(SolutionProperties) = preSolution
		HideSolutionNode = FALSE
	EndGlobalSection
EndGlobal
